
Microsoft Visual Studio Solution File, Format Version 12.00
# Visual Studio Version 17
VisualStudioVersion = 17.11.35222.181
MinimumVisualStudioVersion = 10.0.40219.1
Project("{8BC9CEB8-8B4A-11D0-8D11-00A0C91BC942}") = "ThreeKingdomWar", "ThreeKingdomWar\ThreeKingdomWar.vcxproj", "{477E3B1A-1809-452E-926B-95F1CB98CFA7}"
EndProject
Global
	GlobalSection(SolutionConfigurationPlatforms) = preSolution
		Debug|x64 = Debug|x64
		Debug|x86 = Debug|x86
		Release|x64 = Release|x64
		Release|x86 = Release|x86
	EndGlobalSection
	GlobalSection(ProjectConfigurationPlatforms) = postSolution
		{477E3B1A-1809-452E-926B-95F1CB98CFA7}.Debug|x64.ActiveCfg = Debug|x64
		{477E3B1A-1809-452E-926B-95F1CB98CFA7}.Debug|x64.Build.0 = Debug|x64
		{477E3B1A-1809-452E-926B-95F1CB98CFA7}.Debug|x86.ActiveCfg = Debug|Win32
		{477E3B1A-1809-452E-926B-95F1CB98CFA7}.Debug|x86.Build.0 = Debug|Win32
		{477E3B1A-1809-452E-926B-95F1CB98CFA7}.Release|x64.ActiveCfg = Release|x64
		{477E3B1A-1809-452E-926B-95F1CB98CFA7}.Release|x64.Build.0 = Release|x64
		{477E3B1A-1809-452E-926B-95F1CB98CFA7}.Release|x86.ActiveCfg = Release|Win32
		{477E3B1A-1809-452E-926B-95F1CB98CFA7}.Release|x86.Build.0 = Release|Win32
	EndGlobalSection
	GlobalSection(SolutionProperties) = preSolution
		HideSolutionNode = FALSE
	EndGlobalSection
	GlobalSection(ExtensibilityGlobals) = postSolution
		SolutionGuid = {46841A1D-ABF6-4A08-9EB4-ED2D9FFAA1A6}
	EndGlobalSection
EndGlobal
